{
  "name": "new_accesibilty",
  "lockfileVersion": 2,
  "requires": true,
  "packages": {
    "": {
      "dependencies": {
        "accessibility": "^4.2.0"
      }
    },
    "node_modules/accessibility": {
      "version": "4.2.0",
      "resolved": "https://registry.npmjs.org/accessibility/-/accessibility-4.2.0.tgz",
      "integrity": "sha512-1AGSUTMcHEaZWQCvwEvuIKtMgOTFBzu517pU8596q3grgVYUCcH8vXqWLb5/AOnLwSo+PtFlgRgY/Zx0Ia46FQ=="
    }
  },
  "dependencies": {
    "accessibility": {
      "version": "4.2.0",
      "resolved": "https://registry.npmjs.org/accessibility/-/accessibility-4.2.0.tgz",
      "integrity": "sha512-1AGSUTMcHEaZWQCvwEvuIKtMgOTFBzu517pU8596q3grgVYUCcH8vXqWLb5/AOnLwSo+PtFlgRgY/Zx0Ia46FQ=="
    }
  }
}
